
Microsoft Visual Studio Solution File, Format Version 12.00
# Visual Studio Version 17
VisualStudioVersion = 17.3.32901.215
MinimumVisualStudioVersion = 10.0.40219.1
Project("{FAE04EC0-301F-11D3-BF4B-00C04F79EFBC}") = "Oefening3", "Oefening3\Oefening3.csproj", "{AFAB33BF-95D5-4B56-B926-F2507EF0A9F3}"
EndProject
Global
	GlobalSection(SolutionConfigurationPlatforms) = preSolution
		Debug|Any CPU = Debug|Any CPU
		Release|Any CPU = Release|Any CPU
	EndGlobalSection
	GlobalSection(ProjectConfigurationPlatforms) = postSolution
		{AFAB33BF-95D5-4B56-B926-F2507EF0A9F3}.Debug|Any CPU.ActiveCfg = Debug|Any CPU
		{AFAB33BF-95D5-4B56-B926-F2507EF0A9F3}.Debug|Any CPU.Build.0 = Debug|Any CPU
		{AFAB33BF-95D5-4B56-B926-F2507EF0A9F3}.Release|Any CPU.ActiveCfg = Release|Any CPU
		{AFAB33BF-95D5-4B56-B926-F2507EF0A9F3}.Release|Any CPU.Build.0 = Release|Any CPU
	EndGlobalSection
	GlobalSection(SolutionProperties) = preSolution
		HideSolutionNode = FALSE
	EndGlobalSection
	GlobalSection(ExtensibilityGlobals) = postSolution
		SolutionGuid = {78C3F6F2-AACD-4F8F-AB0E-A4C6F8936375}
	EndGlobalSection
EndGlobal
